
Microsoft Visual Studio Solution File, Format Version 12.00
# Visual Studio Version 17
VisualStudioVersion = 17.14.36401.2 d17.14
MinimumVisualStudioVersion = 10.0.40219.1
Project("{FAE04EC0-301F-11D3-BF4B-00C04F79EFBC}") = "Framework", "Framework.csproj", "{4B370083-EB9F-44BF-97DB-B8C7025C1B7C}"
EndProject
Global
	GlobalSection(SolutionConfigurationPlatforms) = preSolution
		Debug|Any CPU = Debug|Any CPU
		Release|Any CPU = Release|Any CPU
	EndGlobalSection
	GlobalSection(ProjectConfigurationPlatforms) = postSolution
		{4B370083-EB9F-44BF-97DB-B8C7025C1B7C}.Debug|Any CPU.ActiveCfg = Debug|Any CPU
		{4B370083-EB9F-44BF-97DB-B8C7025C1B7C}.Debug|Any CPU.Build.0 = Debug|Any CPU
		{4B370083-EB9F-44BF-97DB-B8C7025C1B7C}.Release|Any CPU.ActiveCfg = Release|Any CPU
		{4B370083-EB9F-44BF-97DB-B8C7025C1B7C}.Release|Any CPU.Build.0 = Release|Any CPU
	EndGlobalSection
	GlobalSection(SolutionProperties) = preSolution
		HideSolutionNode = FALSE
	EndGlobalSection
	GlobalSection(ExtensibilityGlobals) = postSolution
		SolutionGuid = {95822CB4-DA21-4F6D-BE62-78F290F1EF81}
	EndGlobalSection
EndGlobal
